
Microsoft Visual Studio Solution File, Format Version 12.00
Project("{FAE04EC0-301F-11D3-BF4B-00C04F79EFBC}") = "BasicStuff", "BasicStuff\BasicStuff.csproj", "{DFBCCE2E-5B9D-4E14-9865-2D85086F468A}"
EndProject
Global
	GlobalSection(SolutionConfigurationPlatforms) = preSolution
		Debug|Any CPU = Debug|Any CPU
		Release|Any CPU = Release|Any CPU
	EndGlobalSection
	GlobalSection(ProjectConfigurationPlatforms) = postSolution
		{DFBCCE2E-5B9D-4E14-9865-2D85086F468A}.Debug|Any CPU.ActiveCfg = Debug|Any CPU
		{DFBCCE2E-5B9D-4E14-9865-2D85086F468A}.Debug|Any CPU.Build.0 = Debug|Any CPU
		{DFBCCE2E-5B9D-4E14-9865-2D85086F468A}.Release|Any CPU.ActiveCfg = Release|Any CPU
		{DFBCCE2E-5B9D-4E14-9865-2D85086F468A}.Release|Any CPU.Build.0 = Release|Any CPU
	EndGlobalSection
EndGlobal
